
Microsoft Visual Studio Solution File, Format Version 12.00
# Visual Studio Version 16
VisualStudioVersion = 16.0.29609.76
MinimumVisualStudioVersion = 10.0.40219.1
Project("{FAE04EC0-301F-11D3-BF4B-00C04F79EFBC}") = "RESTfulAPIs", "RESTfulAPIs\RESTfulAPIs.csproj", "{881CC4FA-76A0-4197-A11F-0AE1908D4CF7}"
EndProject
Project("{FAE04EC0-301F-11D3-BF4B-00C04F79EFBC}") = "Model", "Model\Model.csproj", "{BE8F2A0C-C8FE-4B16-8841-51C2D3C77DF5}"
EndProject
Project("{FAE04EC0-301F-11D3-BF4B-00C04F79EFBC}") = "DLL", "DLL\DLL.csproj", "{DA0E45FE-7593-4777-9DC1-353E9FA12D7F}"
EndProject
Project("{FAE04EC0-301F-11D3-BF4B-00C04F79EFBC}") = "BLL", "BLL\BLL.csproj", "{938DAA0D-C32B-4E8B-A78B-3F75EC9E0049}"
EndProject
Global
	GlobalSection(SolutionConfigurationPlatforms) = preSolution
		Debug|Any CPU = Debug|Any CPU
		Release|Any CPU = Release|Any CPU
	EndGlobalSection
	GlobalSection(ProjectConfigurationPlatforms) = postSolution
		{881CC4FA-76A0-4197-A11F-0AE1908D4CF7}.Debug|Any CPU.ActiveCfg = Debug|Any CPU
		{881CC4FA-76A0-4197-A11F-0AE1908D4CF7}.Debug|Any CPU.Build.0 = Debug|Any CPU
		{881CC4FA-76A0-4197-A11F-0AE1908D4CF7}.Release|Any CPU.ActiveCfg = Release|Any CPU
		{881CC4FA-76A0-4197-A11F-0AE1908D4CF7}.Release|Any CPU.Build.0 = Release|Any CPU
		{BE8F2A0C-C8FE-4B16-8841-51C2D3C77DF5}.Debug|Any CPU.ActiveCfg = Debug|Any CPU
		{BE8F2A0C-C8FE-4B16-8841-51C2D3C77DF5}.Debug|Any CPU.Build.0 = Debug|Any CPU
		{BE8F2A0C-C8FE-4B16-8841-51C2D3C77DF5}.Release|Any CPU.ActiveCfg = Release|Any CPU
		{BE8F2A0C-C8FE-4B16-8841-51C2D3C77DF5}.Release|Any CPU.Build.0 = Release|Any CPU
		{DA0E45FE-7593-4777-9DC1-353E9FA12D7F}.Debug|Any CPU.ActiveCfg = Debug|Any CPU
		{DA0E45FE-7593-4777-9DC1-353E9FA12D7F}.Debug|Any CPU.Build.0 = Debug|Any CPU
		{DA0E45FE-7593-4777-9DC1-353E9FA12D7F}.Release|Any CPU.ActiveCfg = Release|Any CPU
		{DA0E45FE-7593-4777-9DC1-353E9FA12D7F}.Release|Any CPU.Build.0 = Release|Any CPU
		{938DAA0D-C32B-4E8B-A78B-3F75EC9E0049}.Debug|Any CPU.ActiveCfg = Debug|Any CPU
		{938DAA0D-C32B-4E8B-A78B-3F75EC9E0049}.Debug|Any CPU.Build.0 = Debug|Any CPU
		{938DAA0D-C32B-4E8B-A78B-3F75EC9E0049}.Release|Any CPU.ActiveCfg = Release|Any CPU
		{938DAA0D-C32B-4E8B-A78B-3F75EC9E0049}.Release|Any CPU.Build.0 = Release|Any CPU
	EndGlobalSection
	GlobalSection(SolutionProperties) = preSolution
		HideSolutionNode = FALSE
	EndGlobalSection
	GlobalSection(ExtensibilityGlobals) = postSolution
		SolutionGuid = {15A901D5-8665-4133-B6A3-26C40C9FA02B}
	EndGlobalSection
EndGlobal
